
Microsoft Visual Studio Solution File, Format Version 12.00
# Visual Studio Version 17
VisualStudioVersion = 17.0.31903.59
MinimumVisualStudioVersion = 10.0.40219.1
Project("{2150E333-8FDC-42A3-9474-1A3956D46DE8}") = "src", "src", "{827E0CD3-B72D-47B6-A68D-7590B98EB39B}"
EndProject
Project("{FAE04EC0-301F-11D3-BF4B-00C04F79EFBC}") = "HannahAI.Api", "src\HannahAI.Api\HannahAI.Api.csproj", "{1E6BF3C2-8DDA-43A9-AEAF-9941A564667B}"
EndProject
Project("{FAE04EC0-301F-11D3-BF4B-00C04F79EFBC}") = "HannahAI.Domain", "src\HannahAI.Domain\HannahAI.Domain.csproj", "{0ED6BD85-8981-4265-86F8-74ADDE4B917A}"
EndProject
Project("{FAE04EC0-301F-11D3-BF4B-00C04F79EFBC}") = "HannahAI.Application", "src\HannahAI.Application\HannahAI.Application.csproj", "{A1F50C66-4D0F-406C-96D6-FE5F47C2131C}"
EndProject
Project("{FAE04EC0-301F-11D3-BF4B-00C04F79EFBC}") = "HannahAI.Infrastructure", "src\HannahAI.Infrastructure\HannahAI.Infrastructure.csproj", "{4EFF2B99-4674-4B79-8678-C8A38C0716C2}"
EndProject
Project("{FAE04EC0-301F-11D3-BF4B-00C04F79EFBC}") = "HannahAI.Shared", "src\HannahAI.Shared\HannahAI.Shared.csproj", "{2907076C-48F6-4736-83C2-53F720C3A09B}"
EndProject
Project("{2150E333-8FDC-42A3-9474-1A3956D46DE8}") = "tests", "tests", "{0AB3BF05-4346-4AA6-1389-037BE0695223}"
EndProject
Project("{FAE04EC0-301F-11D3-BF4B-00C04F79EFBC}") = "HannahAI.UnitTests", "tests\HannahAI.UnitTests\HannahAI.UnitTests.csproj", "{A0B2FEA7-3B64-4D76-840F-2FC418229718}"
EndProject
Project("{FAE04EC0-301F-11D3-BF4B-00C04F79EFBC}") = "HannahAI.IntegrationTests", "tests\HannahAI.IntegrationTests\HannahAI.IntegrationTests.csproj", "{EC4C362A-AB78-4853-BDFE-B8DF6638FA7C}"
EndProject
Global
	GlobalSection(SolutionConfigurationPlatforms) = preSolution
		Debug|Any CPU = Debug|Any CPU
		Debug|x64 = Debug|x64
		Debug|x86 = Debug|x86
		Release|Any CPU = Release|Any CPU
		Release|x64 = Release|x64
		Release|x86 = Release|x86
	EndGlobalSection
	GlobalSection(ProjectConfigurationPlatforms) = postSolution
		{1E6BF3C2-8DDA-43A9-AEAF-9941A564667B}.Debug|Any CPU.ActiveCfg = Debug|Any CPU
		{1E6BF3C2-8DDA-43A9-AEAF-9941A564667B}.Debug|Any CPU.Build.0 = Debug|Any CPU
		{1E6BF3C2-8DDA-43A9-AEAF-9941A564667B}.Debug|x64.ActiveCfg = Debug|Any CPU
		{1E6BF3C2-8DDA-43A9-AEAF-9941A564667B}.Debug|x64.Build.0 = Debug|Any CPU
		{1E6BF3C2-8DDA-43A9-AEAF-9941A564667B}.Debug|x86.ActiveCfg = Debug|Any CPU
		{1E6BF3C2-8DDA-43A9-AEAF-9941A564667B}.Debug|x86.Build.0 = Debug|Any CPU
		{1E6BF3C2-8DDA-43A9-AEAF-9941A564667B}.Release|Any CPU.ActiveCfg = Release|Any CPU
		{1E6BF3C2-8DDA-43A9-AEAF-9941A564667B}.Release|Any CPU.Build.0 = Release|Any CPU
		{1E6BF3C2-8DDA-43A9-AEAF-9941A564667B}.Release|x64.ActiveCfg = Release|Any CPU
		{1E6BF3C2-8DDA-43A9-AEAF-9941A564667B}.Release|x64.Build.0 = Release|Any CPU
		{1E6BF3C2-8DDA-43A9-AEAF-9941A564667B}.Release|x86.ActiveCfg = Release|Any CPU
		{1E6BF3C2-8DDA-43A9-AEAF-9941A564667B}.Release|x86.Build.0 = Release|Any CPU
		{0ED6BD85-8981-4265-86F8-74ADDE4B917A}.Debug|Any CPU.ActiveCfg = Debug|Any CPU
		{0ED6BD85-8981-4265-86F8-74ADDE4B917A}.Debug|Any CPU.Build.0 = Debug|Any CPU
		{0ED6BD85-8981-4265-86F8-74ADDE4B917A}.Debug|x64.ActiveCfg = Debug|Any CPU
		{0ED6BD85-8981-4265-86F8-74ADDE4B917A}.Debug|x64.Build.0 = Debug|Any CPU
		{0ED6BD85-8981-4265-86F8-74ADDE4B917A}.Debug|x86.ActiveCfg = Debug|Any CPU
		{0ED6BD85-8981-4265-86F8-74ADDE4B917A}.Debug|x86.Build.0 = Debug|Any CPU
		{0ED6BD85-8981-4265-86F8-74ADDE4B917A}.Release|Any CPU.ActiveCfg = Release|Any CPU
		{0ED6BD85-8981-4265-86F8-74ADDE4B917A}.Release|Any CPU.Build.0 = Release|Any CPU
		{0ED6BD85-8981-4265-86F8-74ADDE4B917A}.Release|x64.ActiveCfg = Release|Any CPU
		{0ED6BD85-8981-4265-86F8-74ADDE4B917A}.Release|x64.Build.0 = Release|Any CPU
		{0ED6BD85-8981-4265-86F8-74ADDE4B917A}.Release|x86.ActiveCfg = Release|Any CPU
		{0ED6BD85-8981-4265-86F8-74ADDE4B917A}.Release|x86.Build.0 = Release|Any CPU
		{A1F50C66-4D0F-406C-96D6-FE5F47C2131C}.Debug|Any CPU.ActiveCfg = Debug|Any CPU
		{A1F50C66-4D0F-406C-96D6-FE5F47C2131C}.Debug|Any CPU.Build.0 = Debug|Any CPU
		{A1F50C66-4D0F-406C-96D6-FE5F47C2131C}.Debug|x64.ActiveCfg = Debug|Any CPU
		{A1F50C66-4D0F-406C-96D6-FE5F47C2131C}.Debug|x64.Build.0 = Debug|Any CPU
		{A1F50C66-4D0F-406C-96D6-FE5F47C2131C}.Debug|x86.ActiveCfg = Debug|Any CPU
		{A1F50C66-4D0F-406C-96D6-FE5F47C2131C}.Debug|x86.Build.0 = Debug|Any CPU
		{A1F50C66-4D0F-406C-96D6-FE5F47C2131C}.Release|Any CPU.ActiveCfg = Release|Any CPU
		{A1F50C66-4D0F-406C-96D6-FE5F47C2131C}.Release|Any CPU.Build.0 = Release|Any CPU
		{A1F50C66-4D0F-406C-96D6-FE5F47C2131C}.Release|x64.ActiveCfg = Release|Any CPU
		{A1F50C66-4D0F-406C-96D6-FE5F47C2131C}.Release|x64.Build.0 = Release|Any CPU
		{A1F50C66-4D0F-406C-96D6-FE5F47C2131C}.Release|x86.ActiveCfg = Release|Any CPU
		{A1F50C66-4D0F-406C-96D6-FE5F47C2131C}.Release|x86.Build.0 = Release|Any CPU
		{4EFF2B99-4674-4B79-8678-C8A38C0716C2}.Debug|Any CPU.ActiveCfg = Debug|Any CPU
		{4EFF2B99-4674-4B79-8678-C8A38C0716C2}.Debug|Any CPU.Build.0 = Debug|Any CPU
		{4EFF2B99-4674-4B79-8678-C8A38C0716C2}.Debug|x64.ActiveCfg = Debug|Any CPU
		{4EFF2B99-4674-4B79-8678-C8A38C0716C2}.Debug|x64.Build.0 = Debug|Any CPU
		{4EFF2B99-4674-4B79-8678-C8A38C0716C2}.Debug|x86.ActiveCfg = Debug|Any CPU
		{4EFF2B99-4674-4B79-8678-C8A38C0716C2}.Debug|x86.Build.0 = Debug|Any CPU
		{4EFF2B99-4674-4B79-8678-C8A38C0716C2}.Release|Any CPU.ActiveCfg = Release|Any CPU
		{4EFF2B99-4674-4B79-8678-C8A38C0716C2}.Release|Any CPU.Build.0 = Release|Any CPU
		{4EFF2B99-4674-4B79-8678-C8A38C0716C2}.Release|x64.ActiveCfg = Release|Any CPU
		{4EFF2B99-4674-4B79-8678-C8A38C0716C2}.Release|x64.Build.0 = Release|Any CPU
		{4EFF2B99-4674-4B79-8678-C8A38C0716C2}.Release|x86.ActiveCfg = Release|Any CPU
		{4EFF2B99-4674-4B79-8678-C8A38C0716C2}.Release|x86.Build.0 = Release|Any CPU
		{2907076C-48F6-4736-83C2-53F720C3A09B}.Debug|Any CPU.ActiveCfg = Debug|Any CPU
		{2907076C-48F6-4736-83C2-53F720C3A09B}.Debug|Any CPU.Build.0 = Debug|Any CPU
		{2907076C-48F6-4736-83C2-53F720C3A09B}.Debug|x64.ActiveCfg = Debug|Any CPU
		{2907076C-48F6-4736-83C2-53F720C3A09B}.Debug|x64.Build.0 = Debug|Any CPU
		{2907076C-48F6-4736-83C2-53F720C3A09B}.Debug|x86.ActiveCfg = Debug|Any CPU
		{2907076C-48F6-4736-83C2-53F720C3A09B}.Debug|x86.Build.0 = Debug|Any CPU
		{2907076C-48F6-4736-83C2-53F720C3A09B}.Release|Any CPU.ActiveCfg = Release|Any CPU
		{2907076C-48F6-4736-83C2-53F720C3A09B}.Release|Any CPU.Build.0 = Release|Any CPU
		{2907076C-48F6-4736-83C2-53F720C3A09B}.Release|x64.ActiveCfg = Release|Any CPU
		{2907076C-48F6-4736-83C2-53F720C3A09B}.Release|x64.Build.0 = Release|Any CPU
		{2907076C-48F6-4736-83C2-53F720C3A09B}.Release|x86.ActiveCfg = Release|Any CPU
		{2907076C-48F6-4736-83C2-53F720C3A09B}.Release|x86.Build.0 = Release|Any CPU
		{A0B2FEA7-3B64-4D76-840F-2FC418229718}.Debug|Any CPU.ActiveCfg = Debug|Any CPU
		{A0B2FEA7-3B64-4D76-840F-2FC418229718}.Debug|Any CPU.Build.0 = Debug|Any CPU
		{A0B2FEA7-3B64-4D76-840F-2FC418229718}.Debug|x64.ActiveCfg = Debug|Any CPU
		{A0B2FEA7-3B64-4D76-840F-2FC418229718}.Debug|x64.Build.0 = Debug|Any CPU
		{A0B2FEA7-3B64-4D76-840F-2FC418229718}.Debug|x86.ActiveCfg = Debug|Any CPU
		{A0B2FEA7-3B64-4D76-840F-2FC418229718}.Debug|x86.Build.0 = Debug|Any CPU
		{A0B2FEA7-3B64-4D76-840F-2FC418229718}.Release|Any CPU.ActiveCfg = Release|Any CPU
		{A0B2FEA7-3B64-4D76-840F-2FC418229718}.Release|Any CPU.Build.0 = Release|Any CPU
		{A0B2FEA7-3B64-4D76-840F-2FC418229718}.Release|x64.ActiveCfg = Release|Any CPU
		{A0B2FEA7-3B64-4D76-840F-2FC418229718}.Release|x64.Build.0 = Release|Any CPU
		{A0B2FEA7-3B64-4D76-840F-2FC418229718}.Release|x86.ActiveCfg = Release|Any CPU
		{A0B2FEA7-3B64-4D76-840F-2FC418229718}.Release|x86.Build.0 = Release|Any CPU
		{EC4C362A-AB78-4853-BDFE-B8DF6638FA7C}.Debug|Any CPU.ActiveCfg = Debug|Any CPU
		{EC4C362A-AB78-4853-BDFE-B8DF6638FA7C}.Debug|Any CPU.Build.0 = Debug|Any CPU
		{EC4C362A-AB78-4853-BDFE-B8DF6638FA7C}.Debug|x64.ActiveCfg = Debug|Any CPU
		{EC4C362A-AB78-4853-BDFE-B8DF6638FA7C}.Debug|x64.Build.0 = Debug|Any CPU
		{EC4C362A-AB78-4853-BDFE-B8DF6638FA7C}.Debug|x86.ActiveCfg = Debug|Any CPU
		{EC4C362A-AB78-4853-BDFE-B8DF6638FA7C}.Debug|x86.Build.0 = Debug|Any CPU
		{EC4C362A-AB78-4853-BDFE-B8DF6638FA7C}.Release|Any CPU.ActiveCfg = Release|Any CPU
		{EC4C362A-AB78-4853-BDFE-B8DF6638FA7C}.Release|Any CPU.Build.0 = Release|Any CPU
		{EC4C362A-AB78-4853-BDFE-B8DF6638FA7C}.Release|x64.ActiveCfg = Release|Any CPU
		{EC4C362A-AB78-4853-BDFE-B8DF6638FA7C}.Release|x64.Build.0 = Release|Any CPU
		{EC4C362A-AB78-4853-BDFE-B8DF6638FA7C}.Release|x86.ActiveCfg = Release|Any CPU
		{EC4C362A-AB78-4853-BDFE-B8DF6638FA7C}.Release|x86.Build.0 = Release|Any CPU
	EndGlobalSection
	GlobalSection(SolutionProperties) = preSolution
		HideSolutionNode = FALSE
	EndGlobalSection
	GlobalSection(NestedProjects) = preSolution
		{1E6BF3C2-8DDA-43A9-AEAF-9941A564667B} = {827E0CD3-B72D-47B6-A68D-7590B98EB39B}
		{0ED6BD85-8981-4265-86F8-74ADDE4B917A} = {827E0CD3-B72D-47B6-A68D-7590B98EB39B}
		{A1F50C66-4D0F-406C-96D6-FE5F47C2131C} = {827E0CD3-B72D-47B6-A68D-7590B98EB39B}
		{4EFF2B99-4674-4B79-8678-C8A38C0716C2} = {827E0CD3-B72D-47B6-A68D-7590B98EB39B}
		{2907076C-48F6-4736-83C2-53F720C3A09B} = {827E0CD3-B72D-47B6-A68D-7590B98EB39B}
		{A0B2FEA7-3B64-4D76-840F-2FC418229718} = {0AB3BF05-4346-4AA6-1389-037BE0695223}
		{EC4C362A-AB78-4853-BDFE-B8DF6638FA7C} = {0AB3BF05-4346-4AA6-1389-037BE0695223}
	EndGlobalSection
EndGlobal
